
Microsoft Visual Studio Solution File, Format Version 12.00
# Visual Studio Version 17
VisualStudioVersion = 17.9.34701.34
MinimumVisualStudioVersion = 10.0.40219.1
Project("{9A19103F-16F7-4668-BE54-9A1E7A4F7556}") = "Arm64.MobileApp.MAUI", "Arm64.MobileApp.MAUI.csproj", "{2956B917-7BD6-4CE1-B340-05207896F729}"
EndProject
Global
	GlobalSection(SolutionConfigurationPlatforms) = preSolution
		Debug|Any CPU = Debug|Any CPU
		Debug|ARM64 = Debug|ARM64
		Debug|x64 = Debug|x64
		Release|Any CPU = Release|Any CPU
		Release|ARM64 = Release|ARM64
		Release|x64 = Release|x64
	EndGlobalSection
	GlobalSection(ProjectConfigurationPlatforms) = postSolution
		{2956B917-7BD6-4CE1-B340-05207896F729}.Debug|Any CPU.ActiveCfg = Debug|Any CPU
		{2956B917-7BD6-4CE1-B340-05207896F729}.Debug|Any CPU.Build.0 = Debug|Any CPU
		{2956B917-7BD6-4CE1-B340-05207896F729}.Debug|Any CPU.Deploy.0 = Debug|Any CPU
		{2956B917-7BD6-4CE1-B340-05207896F729}.Debug|ARM64.ActiveCfg = Debug|ARM64
		{2956B917-7BD6-4CE1-B340-05207896F729}.Debug|ARM64.Build.0 = Debug|ARM64
		{2956B917-7BD6-4CE1-B340-05207896F729}.Debug|ARM64.Deploy.0 = Debug|ARM64
		{2956B917-7BD6-4CE1-B340-05207896F729}.Debug|x64.ActiveCfg = Debug|x64
		{2956B917-7BD6-4CE1-B340-05207896F729}.Debug|x64.Build.0 = Debug|x64
		{2956B917-7BD6-4CE1-B340-05207896F729}.Debug|x64.Deploy.0 = Debug|x64
		{2956B917-7BD6-4CE1-B340-05207896F729}.Release|Any CPU.ActiveCfg = Release|Any CPU
		{2956B917-7BD6-4CE1-B340-05207896F729}.Release|Any CPU.Build.0 = Release|Any CPU
		{2956B917-7BD6-4CE1-B340-05207896F729}.Release|Any CPU.Deploy.0 = Release|Any CPU
		{2956B917-7BD6-4CE1-B340-05207896F729}.Release|ARM64.ActiveCfg = Release|ARM64
		{2956B917-7BD6-4CE1-B340-05207896F729}.Release|ARM64.Build.0 = Release|ARM64
		{2956B917-7BD6-4CE1-B340-05207896F729}.Release|ARM64.Deploy.0 = Release|ARM64
		{2956B917-7BD6-4CE1-B340-05207896F729}.Release|x64.ActiveCfg = Release|x64
		{2956B917-7BD6-4CE1-B340-05207896F729}.Release|x64.Build.0 = Release|x64
		{2956B917-7BD6-4CE1-B340-05207896F729}.Release|x64.Deploy.0 = Release|x64
	EndGlobalSection
	GlobalSection(SolutionProperties) = preSolution
		HideSolutionNode = FALSE
	EndGlobalSection
	GlobalSection(ExtensibilityGlobals) = postSolution
		SolutionGuid = {A6B95917-22F5-4639-8C80-6F4C4A591D8F}
	EndGlobalSection
EndGlobal
